<?xml version="1.0" encoding="utf-8"?>
<Project ToolsVersion="4.0" xmlns="http://schemas.microsoft.com/developer/msbuild/2003">
  <ItemGroup>
    <ClInclude Include="include\rdr\renderer.h">
      <Filter>public</Filter>
    </ClInclude>
    <ClInclude Include="include\rdr\Vertex.h" />
    <ClInclude Include="include\rdr\Texture.h" />
  </ItemGroup>
  <ItemGroup>
    <Filter Include="public">
      <UniqueIdentifier>{fbbfc75b-b78d-42f4-bd2a-e64fe0b2d7a0}</UniqueIdentifier>
    </Filter>
    <Filter Include="private">
      <UniqueIdentifier>{69129f0f-19f5-4fca-a3a7-67605fa2e7f8}</UniqueIdentifier>
    </Filter>
  </ItemGroup>
  <ItemGroup>
    <ClCompile Include="src\renderer.cpp">
      <Filter>private</Filter>
    </ClCompile>
    <ClCompile Include="src\Vertex.cpp" />
    <ClCompile Include="src\Texture.cpp" />
  </ItemGroup>
</Project>